
Microsoft Visual Studio Solution File, Format Version 12.00
# Visual Studio Version 17
VisualStudioVersion = 17.12.35506.116 d17.12
MinimumVisualStudioVersion = 10.0.40219.1
Project("{FAE04EC0-301F-11D3-BF4B-00C04F79EFBC}") = "Projeto001", "Projeto001\Projeto001.csproj", "{BE731C05-FA78-4E93-940B-2BD27F1E5197}"
EndProject
Project("{FAE04EC0-301F-11D3-BF4B-00C04F79EFBC}") = "Projeto001.Application", "Projeto001.Application\Projeto001.Application.csproj", "{3EE24A1A-B753-4394-A088-F501818EB8A2}"
EndProject
Project("{FAE04EC0-301F-11D3-BF4B-00C04F79EFBC}") = "Projeto001.Domain", "Projeto001.Domain\Projeto001.Domain.csproj", "{06DCE1EF-9F97-44E2-95F3-CDBE10E0B564}"
EndProject
Project("{FAE04EC0-301F-11D3-BF4B-00C04F79EFBC}") = "Projeto001.Infraestrutura", "Projeto001.Infraestrutura\Projeto001.Infraestrutura.csproj", "{304AAD3C-1ED1-458B-A7BD-8671177AC852}"
EndProject
Global
	GlobalSection(SolutionConfigurationPlatforms) = preSolution
		Debug|Any CPU = Debug|Any CPU
		Release|Any CPU = Release|Any CPU
	EndGlobalSection
	GlobalSection(ProjectConfigurationPlatforms) = postSolution
		{BE731C05-FA78-4E93-940B-2BD27F1E5197}.Debug|Any CPU.ActiveCfg = Debug|Any CPU
		{BE731C05-FA78-4E93-940B-2BD27F1E5197}.Debug|Any CPU.Build.0 = Debug|Any CPU
		{BE731C05-FA78-4E93-940B-2BD27F1E5197}.Release|Any CPU.ActiveCfg = Release|Any CPU
		{BE731C05-FA78-4E93-940B-2BD27F1E5197}.Release|Any CPU.Build.0 = Release|Any CPU
		{3EE24A1A-B753-4394-A088-F501818EB8A2}.Debug|Any CPU.ActiveCfg = Debug|Any CPU
		{3EE24A1A-B753-4394-A088-F501818EB8A2}.Debug|Any CPU.Build.0 = Debug|Any CPU
		{3EE24A1A-B753-4394-A088-F501818EB8A2}.Release|Any CPU.ActiveCfg = Release|Any CPU
		{3EE24A1A-B753-4394-A088-F501818EB8A2}.Release|Any CPU.Build.0 = Release|Any CPU
		{06DCE1EF-9F97-44E2-95F3-CDBE10E0B564}.Debug|Any CPU.ActiveCfg = Debug|Any CPU
		{06DCE1EF-9F97-44E2-95F3-CDBE10E0B564}.Debug|Any CPU.Build.0 = Debug|Any CPU
		{06DCE1EF-9F97-44E2-95F3-CDBE10E0B564}.Release|Any CPU.ActiveCfg = Release|Any CPU
		{06DCE1EF-9F97-44E2-95F3-CDBE10E0B564}.Release|Any CPU.Build.0 = Release|Any CPU
		{304AAD3C-1ED1-458B-A7BD-8671177AC852}.Debug|Any CPU.ActiveCfg = Debug|Any CPU
		{304AAD3C-1ED1-458B-A7BD-8671177AC852}.Debug|Any CPU.Build.0 = Debug|Any CPU
		{304AAD3C-1ED1-458B-A7BD-8671177AC852}.Release|Any CPU.ActiveCfg = Release|Any CPU
		{304AAD3C-1ED1-458B-A7BD-8671177AC852}.Release|Any CPU.Build.0 = Release|Any CPU
	EndGlobalSection
	GlobalSection(SolutionProperties) = preSolution
		HideSolutionNode = FALSE
	EndGlobalSection
EndGlobal
